
Microsoft Visual Studio Solution File, Format Version 12.00
# Visual Studio Version 17
VisualStudioVersion = 17.8.34525.116
MinimumVisualStudioVersion = 10.0.40219.1
Project("{FAE04EC0-301F-11D3-BF4B-00C04F79EFBC}") = "Web_API_Assigmnet", "Web_API_Assigmnet\Web_API_Assigmnet.csproj", "{B049F1B1-8D6D-4A22-824B-6DD51E1D8B9F}"
EndProject
Global
	GlobalSection(SolutionConfigurationPlatforms) = preSolution
		Debug|Any CPU = Debug|Any CPU
		Release|Any CPU = Release|Any CPU
	EndGlobalSection
	GlobalSection(ProjectConfigurationPlatforms) = postSolution
		{B049F1B1-8D6D-4A22-824B-6DD51E1D8B9F}.Debug|Any CPU.ActiveCfg = Debug|Any CPU
		{B049F1B1-8D6D-4A22-824B-6DD51E1D8B9F}.Debug|Any CPU.Build.0 = Debug|Any CPU
		{B049F1B1-8D6D-4A22-824B-6DD51E1D8B9F}.Release|Any CPU.ActiveCfg = Release|Any CPU
		{B049F1B1-8D6D-4A22-824B-6DD51E1D8B9F}.Release|Any CPU.Build.0 = Release|Any CPU
	EndGlobalSection
	GlobalSection(SolutionProperties) = preSolution
		HideSolutionNode = FALSE
	EndGlobalSection
	GlobalSection(ExtensibilityGlobals) = postSolution
		SolutionGuid = {355B8965-7D04-42E6-8844-876039D14B6F}
	EndGlobalSection
EndGlobal
